
Microsoft Visual Studio Solution File, Format Version 12.00
# Visual Studio 2017
Project("{FAE04EC0-301F-11D3-BF4B-00C04F79EFBC}") = "AIL-Runtime", "AIL-Runtime\AIL-Runtime.csproj", "{74C55334-0799-4F75-85B0-552BF64EFDDB}"
EndProject
Project("{FAE04EC0-301F-11D3-BF4B-00C04F79EFBC}") = "Artemis_IL", "Artemis-VM\Artemis_IL.csproj", "{84DA7FF7-3C8F-468A-B5DB-C46EE01AE5CF}"
EndProject
Project("{FAE04EC0-301F-11D3-BF4B-00C04F79EFBC}") = "AIL-Tests", "AIL-Tests\AIL-Tests.csproj", "{19F3CCBC-805D-42C7-8498-9AC62BEF359C}"
EndProject
Project("{2150E333-8FDC-42A3-9474-1A3956D46DE8}") = "Artemis-VM", "Artemis-VM", "{1A93653D-59C8-2CC8-6D63-6769B52B9293}"
EndProject
Global
	GlobalSection(SolutionConfigurationPlatforms) = preSolution
		Debug|Any CPU = Debug|Any CPU
		Debug|x64 = Debug|x64
		Debug|x86 = Debug|x86
		Release|Any CPU = Release|Any CPU
		Release|x64 = Release|x64
		Release|x86 = Release|x86
	EndGlobalSection
	GlobalSection(ProjectConfigurationPlatforms) = postSolution
		{74C55334-0799-4F75-85B0-552BF64EFDDB}.Debug|Any CPU.ActiveCfg = Debug|Any CPU
		{74C55334-0799-4F75-85B0-552BF64EFDDB}.Debug|Any CPU.Build.0 = Debug|Any CPU
		{74C55334-0799-4F75-85B0-552BF64EFDDB}.Debug|x64.ActiveCfg = Debug|Any CPU
		{74C55334-0799-4F75-85B0-552BF64EFDDB}.Debug|x64.Build.0 = Debug|Any CPU
		{74C55334-0799-4F75-85B0-552BF64EFDDB}.Debug|x86.ActiveCfg = Debug|Any CPU
		{74C55334-0799-4F75-85B0-552BF64EFDDB}.Debug|x86.Build.0 = Debug|Any CPU
		{74C55334-0799-4F75-85B0-552BF64EFDDB}.Release|Any CPU.ActiveCfg = Release|Any CPU
		{74C55334-0799-4F75-85B0-552BF64EFDDB}.Release|Any CPU.Build.0 = Release|Any CPU
		{74C55334-0799-4F75-85B0-552BF64EFDDB}.Release|x64.ActiveCfg = Release|Any CPU
		{74C55334-0799-4F75-85B0-552BF64EFDDB}.Release|x64.Build.0 = Release|Any CPU
		{74C55334-0799-4F75-85B0-552BF64EFDDB}.Release|x86.ActiveCfg = Release|Any CPU
		{74C55334-0799-4F75-85B0-552BF64EFDDB}.Release|x86.Build.0 = Release|Any CPU
		{84DA7FF7-3C8F-468A-B5DB-C46EE01AE5CF}.Debug|Any CPU.ActiveCfg = Debug|Any CPU
		{84DA7FF7-3C8F-468A-B5DB-C46EE01AE5CF}.Debug|Any CPU.Build.0 = Debug|Any CPU
		{84DA7FF7-3C8F-468A-B5DB-C46EE01AE5CF}.Debug|x64.ActiveCfg = Debug|Any CPU
		{84DA7FF7-3C8F-468A-B5DB-C46EE01AE5CF}.Debug|x64.Build.0 = Debug|Any CPU
		{84DA7FF7-3C8F-468A-B5DB-C46EE01AE5CF}.Debug|x86.ActiveCfg = Debug|Any CPU
		{84DA7FF7-3C8F-468A-B5DB-C46EE01AE5CF}.Debug|x86.Build.0 = Debug|Any CPU
		{84DA7FF7-3C8F-468A-B5DB-C46EE01AE5CF}.Release|Any CPU.ActiveCfg = Release|Any CPU
		{84DA7FF7-3C8F-468A-B5DB-C46EE01AE5CF}.Release|Any CPU.Build.0 = Release|Any CPU
		{84DA7FF7-3C8F-468A-B5DB-C46EE01AE5CF}.Release|x64.ActiveCfg = Release|Any CPU
		{84DA7FF7-3C8F-468A-B5DB-C46EE01AE5CF}.Release|x64.Build.0 = Release|Any CPU
		{84DA7FF7-3C8F-468A-B5DB-C46EE01AE5CF}.Release|x86.ActiveCfg = Release|Any CPU
		{84DA7FF7-3C8F-468A-B5DB-C46EE01AE5CF}.Release|x86.Build.0 = Release|Any CPU
		{19F3CCBC-805D-42C7-8498-9AC62BEF359C}.Debug|Any CPU.ActiveCfg = Debug|Any CPU
		{19F3CCBC-805D-42C7-8498-9AC62BEF359C}.Debug|Any CPU.Build.0 = Debug|Any CPU
		{19F3CCBC-805D-42C7-8498-9AC62BEF359C}.Debug|x64.ActiveCfg = Debug|Any CPU
		{19F3CCBC-805D-42C7-8498-9AC62BEF359C}.Debug|x64.Build.0 = Debug|Any CPU
		{19F3CCBC-805D-42C7-8498-9AC62BEF359C}.Debug|x86.ActiveCfg = Debug|Any CPU
		{19F3CCBC-805D-42C7-8498-9AC62BEF359C}.Debug|x86.Build.0 = Debug|Any CPU
		{19F3CCBC-805D-42C7-8498-9AC62BEF359C}.Release|Any CPU.ActiveCfg = Release|Any CPU
		{19F3CCBC-805D-42C7-8498-9AC62BEF359C}.Release|Any CPU.Build.0 = Release|Any CPU
		{19F3CCBC-805D-42C7-8498-9AC62BEF359C}.Release|x64.ActiveCfg = Release|Any CPU
		{19F3CCBC-805D-42C7-8498-9AC62BEF359C}.Release|x64.Build.0 = Release|Any CPU
		{19F3CCBC-805D-42C7-8498-9AC62BEF359C}.Release|x86.ActiveCfg = Release|Any CPU
		{19F3CCBC-805D-42C7-8498-9AC62BEF359C}.Release|x86.Build.0 = Release|Any CPU
	EndGlobalSection
	GlobalSection(SolutionProperties) = preSolution
		HideSolutionNode = FALSE
	EndGlobalSection
EndGlobal
